// !$*UTF8*$!
{
	archiveVersion = 1;
	classes = {
	};
	objectVersion = 46;
	objects = {

/* Begin PBXBuildFile section */
		484B8ECE1C3E188A00CBA902 /* main.m in Sources */ = {isa = PBXBuildFile; fileRef = 484B8ECD1C3E188A00CBA902 /* main.m */; };
		484B8ED11C3E188A00CBA902 /* AppDelegate.m in Sources */ = {isa = PBXBuildFile; fileRef = 484B8ED01C3E188A00CBA902 /* AppDelegate.m */; };
		484B8ED41C3E188A00CBA902 /* ViewController.m in Sources */ = {isa = PBXBuildFile; fileRef = 484B8ED31C3E188A00CBA902 /* ViewController.m */; };
		484B8ED71C3E188A00CBA902 /* Main.storyboard in Resources */ = {isa = PBXBuildFile; fileRef = 484B8ED51C3E188A00CBA902 /* Main.storyboard */; };
		484B8ED91C3E188A00CBA902 /* Assets.xcassets in Resources */ = {isa = PBXBuildFile; fileRef = 484B8ED81C3E188A00CBA902 /* Assets.xcassets */; };
		484B8EDC1C3E188A00CBA902 /* LaunchScreen.storyboard in Resources */ = {isa = PBXBuildFile; fileRef = 484B8EDA1C3E188A00CBA902 /* LaunchScreen.storyboard */; };
		484B8EEC1C3E18FD00CBA902 /* ZYKeyboardUtil.m in Sources */ = {isa = PBXBuildFile; fileRef = 484B8EEB1C3E18FD00CBA902 /* ZYKeyboardUtil.m */; };
		484B8EF81C3E634700CBA902 /* demo_1.jpg in Resources */ = {isa = PBXBuildFile; fileRef = 484B8EF61C3E634700CBA902 /* demo_1.jpg */; };
		484B8EF91C3E634700CBA902 /* keyboardUtil.gif in Resources */ = {isa = PBXBuildFile; fileRef = 484B8EF71C3E634700CBA902 /* keyboardUtil.gif */; };
		4880F6CF1C3F71D30004AE7F /* manyTimePopup.gif in Resources */ = {isa = PBXBuildFile; fileRef = 4880F6CE1C3F71D30004AE7F /* manyTimePopup.gif */; };
/* End PBXBuildFile section */

/* Begin PBXFileReference section */
		484B8EC91C3E188A00CBA902 /* ZYKeyboardUtil.app */ = {isa = PBXFileReference; explicitFileType = wrapper.application; includeInIndex = 0; path = ZYKeyboardUtil.app; sourceTree = BUILT_PRODUCTS_DIR; };
		484B8ECD1C3E188A00CBA902 /* main.m */ = {isa = PBXFileReference; lastKnownFileType = sourcecode.c.objc; path = main.m; sourceTree = "<group>"; };
		484B8ECF1C3E188A00CBA902 /* AppDelegate.h */ = {isa = PBXFileReference; lastKnownFileType = sourcecode.c.h; path = AppDelegate.h; sourceTree = "<group>"; };
		484B8ED01C3E188A00CBA902 /* AppDelegate.m */ = {isa = PBXFileReference; lastKnownFileType = sourcecode.c.objc; path = AppDelegate.m; sourceTree = "<group>"; };
		484B8ED21C3E188A00CBA902 /* ViewController.h */ = {isa = PBXFileReference; lastKnownFileType = sourcecode.c.h; path = ViewController.h; sourceTree = "<group>"; };
		484B8ED31C3E188A00CBA902 /* ViewController.m */ = {isa = PBXFileReference; lastKnownFileType = sourcecode.c.objc; path = ViewController.m; sourceTree = "<group>"; };
		484B8ED61C3E188A00CBA902 /* Base */ = {isa = PBXFileReference; lastKnownFileType = file.storyboard; name = Base; path = Base.lproj/Main.storyboard; sourceTree = "<group>"; };
		484B8ED81C3E188A00CBA902 /* Assets.xcassets */ = {isa = PBXFileReference; lastKnownFileType = folder.assetcatalog; path = Assets.xcassets; sourceTree = "<group>"; };
		484B8EDB1C3E188A00CBA902 /* Base */ = {isa = PBXFileReference; lastKnownFileType = file.storyboard; name = Base; path = Base.lproj/LaunchScreen.storyboard; sourceTree = "<group>"; };
		484B8EDD1C3E188A00CBA902 /* Info.plist */ = {isa = PBXFileReference; lastKnownFileType = text.plist.xml; path = Info.plist; sourceTree = "<group>"; };
		484B8EEA1C3E18FD00CBA902 /* ZYKeyboardUtil.h */ = {isa = PBXFileReference; fileEncoding = 4; lastKnownFileType = sourcecode.c.h; path = ZYKeyboardUtil.h; sourceTree = "<group>"; };
		484B8EEB1C3E18FD00CBA902 /* ZYKeyboardUtil.m */ = {isa = PBXFileReference; fileEncoding = 4; lastKnownFileType = sourcecode.c.objc; path = ZYKeyboardUtil.m; sourceTree = "<group>"; };
		484B8EF61C3E634700CBA902 /* demo_1.jpg */ = {isa = PBXFileReference; lastKnownFileType = image.jpeg; path = demo_1.jpg; sourceTree = "<group>"; };
		484B8EF71C3E634700CBA902 /* keyboardUtil.gif */ = {isa = PBXFileReference; lastKnownFileType = image.gif; path = keyboardUtil.gif; sourceTree = "<group>"; };
		4880F6CE1C3F71D30004AE7F /* manyTimePopup.gif */ = {isa = PBXFileReference; lastKnownFileType = image.gif; path = manyTimePopup.gif; sourceTree = "<group>"; };
/* End PBXFileReference section */

/* Begin PBXFrameworksBuildPhase section */
		484B8EC61C3E188A00CBA902 /* Frameworks */ = {
			isa = PBXFrameworksBuildPhase;
			buildActionMask = 2147483647;
			files = (
			);
			runOnlyForDeploymentPostprocessing = 0;
		};
/* End PBXFrameworksBuildPhase section */

/* Begin PBXGroup section */
		484B8EC01C3E188A00CBA902 = {
			isa = PBXGroup;
			children = (
				484B8ECB1C3E188A00CBA902 /* ZYKeyboardUtil */,
				484B8ECA1C3E188A00CBA902 /* Products */,
			);
			sourceTree = "<group>";
		};
		484B8ECA1C3E188A00CBA902 /* Products */ = {
			isa = PBXGroup;
			children = (
				484B8EC91C3E188A00CBA902 /* ZYKeyboardUtil.app */,
			);
			name = Products;
			sourceTree = "<group>";
		};
		484B8ECB1C3E188A00CBA902 /* ZYKeyboardUtil */ = {
			isa = PBXGroup;
			children = (
				484B8EE61C3E18C000CBA902 /* Keyboard */,
				484B8ECF1C3E188A00CBA902 /* AppDelegate.h */,
				484B8ED01C3E188A00CBA902 /* AppDelegate.m */,
				484B8ED21C3E188A00CBA902 /* ViewController.h */,
				484B8ED31C3E188A00CBA902 /* ViewController.m */,
				484B8ED51C3E188A00CBA902 /* Main.storyboard */,
				484B8ED81C3E188A00CBA902 /* Assets.xcassets */,
				484B8EDA1C3E188A00CBA902 /* LaunchScreen.storyboard */,
				484B8EDD1C3E188A00CBA902 /* Info.plist */,
				484B8EF51C3E634700CBA902 /* DisplayFile */,
				484B8ECC1C3E188A00CBA902 /* Supporting Files */,
			);
			path = ZYKeyboardUtil;
			sourceTree = "<group>";
		};
		484B8ECC1C3E188A00CBA902 /* Supporting Files */ = {
			isa = PBXGroup;
			children = (
				484B8ECD1C3E188A00CBA902 /* main.m */,
			);
			name = "Supporting Files";
			sourceTree = "<group>";
		};
		484B8EE61C3E18C000CBA902 /* Keyboard */ = {
			isa = PBXGroup;
			children = (
				484B8EEA1C3E18FD00CBA902 /* ZYKeyboardUtil.h */,
				484B8EEB1C3E18FD00CBA902 /* ZYKeyboardUtil.m */,
			);
			path = Keyboard;
			sourceTree = "<group>";
		};
		484B8EF51C3E634700CBA902 /* DisplayFile */ = {
			isa = PBXGroup;
			children = (
				484B8EF61C3E634700CBA902 /* demo_1.jpg */,
				484B8EF71C3E634700CBA902 /* keyboardUtil.gif */,
				4880F6CE1C3F71D30004AE7F /* manyTimePopup.gif */,
			);
			path = DisplayFile;
			sourceTree = "<group>";
		};
/* End PBXGroup section */

/* Begin PBXNativeTarget section */
		484B8EC81C3E188A00CBA902 /* ZYKeyboardUtil */ = {
			isa = PBXNativeTarget;
			buildConfigurationList = 484B8EE01C3E188A00CBA902 /* Build configuration list for PBXNativeTarget "ZYKeyboardUtil" */;
			buildPhases = (
				484B8EC51C3E188A00CBA902 /* Sources */,
				484B8EC61C3E188A00CBA902 /* Frameworks */,
				484B8EC71C3E188A00CBA902 /* Resources */,
			);
			buildRules = (
			);
			dependencies = (
			);
			name = ZYKeyboardUtil;
			productName = ZYKeyboardUtil;
			productReference = 484B8EC91C3E188A00CBA902 /* ZYKeyboardUtil.app */;
			productType = "com.apple.product-type.application";
		};
/* End PBXNativeTarget section */

/* Begin PBXProject section */
		484B8EC11C3E188A00CBA902 /* Project object */ = {
			isa = PBXProject;
			attributes = {
				LastUpgradeCheck = 0710;
				ORGANIZATIONNAME = lzy;
				TargetAttributes = {
					484B8EC81C3E188A00CBA902 = {
						CreatedOnToolsVersion = 7.1.1;
					};
				};
			};
			buildConfigurationList = 484B8EC41C3E188A00CBA902 /* Build configuration list for PBXProject "ZYKeyboardUtil" */;
			compatibilityVersion = "Xcode 3.2";
			developmentRegion = English;
			hasScannedForEncodings = 0;
			knownRegions = (
				en,
				Base,
			);
			mainGroup = 484B8EC01C3E188A00CBA902;
			productRefGroup = 484B8ECA1C3E188A00CBA902 /* Products */;
			projectDirPath = "";
			projectRoot = "";
			targets = (
				484B8EC81C3E188A00CBA902 /* ZYKeyboardUtil */,
			);
		};
/* End PBXProject section */

/* Begin PBXResourcesBuildPhase section */
		484B8EC71C3E188A00CBA902 /* Resources */ = {
			isa = PBXResourcesBuildPhase;
			buildActionMask = 2147483647;
			files = (
				484B8EDC1C3E188A00CBA902 /* LaunchScreen.storyboard in Resources */,
				4880F6CF1C3F71D30004AE7F /* manyTimePopup.gif in Resources */,
				484B8EF91C3E634700CBA902 /* keyboardUtil.gif in Resources */,
				484B8ED91C3E188A00CBA902 /* Assets.xcassets in Resources */,
				484B8EF81C3E634700CBA902 /* demo_1.jpg in Resources */,
				484B8ED71C3E188A00CBA902 /* Main.storyboard in Resources */,
			);
			runOnlyForDeploymentPostprocessing = 0;
		};
/* End PBXResourcesBuildPhase section */

/* Begin PBXSourcesBuildPhase section */
		484B8EC51C3E188A00CBA902 /* Sources */ = {
			isa = PBXSourcesBuildPhase;
			buildActionMask = 2147483647;
			files = (
				484B8EEC1C3E18FD00CBA902 /* ZYKeyboardUtil.m in Sources */,
				484B8ED41C3E188A00CBA902 /* ViewController.m in Sources */,
				484B8ED11C3E188A00CBA902 /* AppDelegate.m in Sources */,
				484B8ECE1C3E188A00CBA902 /* main.m in Sources */,
			);
			runOnlyForDeploymentPostprocessing = 0;
		};
/* End PBXSourcesBuildPhase section */

/* Begin PBXVariantGroup section */
		484B8ED51C3E188A00CBA902 /* Main.storyboard */ = {
			isa = PBXVariantGroup;
			children = (
				484B8ED61C3E188A00CBA902 /* Base */,
			);
			name = Main.storyboard;
			sourceTree = "<group>";
		};
		484B8EDA1C3E188A00CBA902 /* LaunchScreen.storyboard */ = {
			isa = PBXVariantGroup;
			children = (
				484B8EDB1C3E188A00CBA902 /* Base */,
			);
			name = LaunchScreen.storyboard;
			sourceTree = "<group>";
		};
/* End PBXVariantGroup section */

/* Begin XCBuildConfiguration section */
		484B8EDE1C3E188A00CBA902 /* Debug */ = {
			isa = XCBuildConfiguration;
			buildSettings = {
				ALWAYS_SEARCH_USER_PATHS = NO;
				CLANG_CXX_LANGUAGE_STANDARD = "gnu++0x";
				CLANG_CXX_LIBRARY = "libc++";
				CLANG_ENABLE_MODULES = YES;
				CLANG_ENABLE_OBJC_ARC = YES;
				CLANG_WARN_BOOL_CONVERSION = YES;
				CLANG_WARN_CONSTANT_CONVERSION = YES;
				CLANG_WARN_DIRECT_OBJC_ISA_USAGE = YES_ERROR;
				CLANG_WARN_EMPTY_BODY = YES;
				CLANG_WARN_ENUM_CONVERSION = YES;
				CLANG_WARN_INT_CONVERSION = YES;
				CLANG_WARN_OBJC_ROOT_CLASS = YES_ERROR;
				CLANG_WARN_UNREACHABLE_CODE = YES;
				CLANG_WARN__DUPLICATE_METHOD_MATCH = YES;
				"CODE_SIGN_IDENTITY[sdk=iphoneos*]" = "iPhone Developer";
				COPY_PHASE_STRIP = NO;
				DEBUG_INFORMATION_FORMAT = dwarf;
				ENABLE_STRICT_OBJC_MSGSEND = YES;
				ENABLE_TESTABILITY = YES;
				GCC_C_LANGUAGE_STANDARD = gnu99;
				GCC_DYNAMIC_NO_PIC = NO;
				GCC_NO_COMMON_BLOCKS = YES;
				GCC_OPTIMIZATION_LEVEL = 0;
				GCC_PREPROCESSOR_DEFINITIONS = (
					"DEBUG=1",
					"$(inherited)",
				);
				GCC_WARN_64_TO_32_BIT_CONVERSION = YES;
				GCC_WARN_ABOUT_RETURN_TYPE = YES_ERROR;
				GCC_WARN_UNDECLARED_SELECTOR = YES;
				GCC_WARN_UNINITIALIZED_AUTOS = YES_AGGRESSIVE;
				GCC_WARN_UNUSED_FUNCTION = YES;
				GCC_WARN_UNUSED_VARIABLE = YES;
				IPHONEOS_DEPLOYMENT_TARGET = 9.1;
				MTL_ENABLE_DEBUG_INFO = YES;
				ONLY_ACTIVE_ARCH = YES;
				SDKROOT = iphoneos;
			};
			name = Debug;
		};
		484B8EDF1C3E188A00CBA902 /* Release */ = {
			isa = XCBuildConfiguration;
			buildSettings = {
				ALWAYS_SEARCH_USER_PATHS = NO;
				CLANG_CXX_LANGUAGE_STANDARD = "gnu++0x";
				CLANG_CXX_LIBRARY = "libc++";
				CLANG_ENABLE_MODULES = YES;
				CLANG_ENABLE_OBJC_ARC = YES;
				CLANG_WARN_BOOL_CONVERSION = YES;
				CLANG_WARN_CONSTANT_CONVERSION = YES;
				CLANG_WARN_DIRECT_OBJC_ISA_USAGE = YES_ERROR;
				CLANG_WARN_EMPTY_BODY = YES;
				CLANG_WARN_ENUM_CONVERSION = YES;
				CLANG_WARN_INT_CONVERSION = YES;
				CLANG_WARN_OBJC_ROOT_CLASS = YES_ERROR;
				CLANG_WARN_UNREACHABLE_CODE = YES;
				CLANG_WARN__DUPLICATE_METHOD_MATCH = YES;
				"CODE_SIGN_IDENTITY[sdk=iphoneos*]" = "iPhone Developer";
				COPY_PHASE_STRIP = NO;
				DEBUG_INFORMATION_FORMAT = "dwarf-with-dsym";
				ENABLE_NS_ASSERTIONS = NO;
				ENABLE_STRICT_OBJC_MSGSEND = YES;
				GCC_C_LANGUAGE_STANDARD = gnu99;
				GCC_NO_COMMON_BLOCKS = YES;
				GCC_WARN_64_TO_32_BIT_CONVERSION = YES;
				GCC_WARN_ABOUT_RETURN_TYPE = YES_ERROR;
				GCC_WARN_UNDECLARED_SELECTOR = YES;
				GCC_WARN_UNINITIALIZED_AUTOS = YES_AGGRESSIVE;
				GCC_WARN_UNUSED_FUNCTION = YES;
				GCC_WARN_UNUSED_VARIABLE = YES;
				IPHONEOS_DEPLOYMENT_TARGET = 9.1;
				MTL_ENABLE_DEBUG_INFO = NO;
				SDKROOT = iphoneos;
				VALIDATE_PRODUCT = YES;
			};
			name = Release;
		};
		484B8EE11C3E188A00CBA902 /* Debug */ = {
			isa = XCBuildConfiguration;
			buildSettings = {
				ASSETCATALOG_COMPILER_APPICON_NAME = AppIcon;
				INFOPLIST_FILE = ZYKeyboardUtil/Info.plist;
				IPHONEOS_DEPLOYMENT_TARGET = 7.0;
				LD_RUNPATH_SEARCH_PATHS = "$(inherited) @executable_path/Frameworks";
				PRODUCT_BUNDLE_IDENTIFIER = com.qiuhaodong.sport;
				PRODUCT_NAME = "$(TARGET_NAME)";
			};
			name = Debug;
		};
		484B8EE21C3E188A00CBA902 /* Release */ = {
			isa = XCBuildConfiguration;
			buildSettings = {
				ASSETCATALOG_COMPILER_APPICON_NAME = AppIcon;
				INFOPLIST_FILE = ZYKeyboardUtil/Info.plist;
				IPHONEOS_DEPLOYMENT_TARGET = 7.0;
				LD_RUNPATH_SEARCH_PATHS = "$(inherited) @executable_path/Frameworks";
				PRODUCT_BUNDLE_IDENTIFIER = com.qiuhaodong.sport;
				PRODUCT_NAME = "$(TARGET_NAME)";
			};
			name = Release;
		};
/* End XCBuildConfiguration section */

/* Begin XCConfigurationList section */
		484B8EC41C3E188A00CBA902 /* Build configuration list for PBXProject "ZYKeyboardUtil" */ = {
			isa = XCConfigurationList;
			buildConfigurations = (
				484B8EDE1C3E188A00CBA902 /* Debug */,
				484B8EDF1C3E188A00CBA902 /* Release */,
			);
			defaultConfigurationIsVisible = 0;
			defaultConfigurationName = Release;
		};
		484B8EE01C3E188A00CBA902 /* Build configuration list for PBXNativeTarget "ZYKeyboardUtil" */ = {
			isa = XCConfigurationList;
			buildConfigurations = (
				484B8EE11C3E188A00CBA902 /* Debug */,
				484B8EE21C3E188A00CBA902 /* Release */,
			);
			defaultConfigurationIsVisible = 0;
			defaultConfigurationName = Release;
		};
/* End XCConfigurationList section */
	};
	rootObject = 484B8EC11C3E188A00CBA902 /* Project object */;
}
